
Microsoft Visual Studio Solution File, Format Version 12.00
# Visual Studio Version 17
VisualStudioVersion = 17.4.33110.190
MinimumVisualStudioVersion = 10.0.40219.1
Project("{FAE04EC0-301F-11D3-BF4B-00C04F79EFBC}") = "ConsoleTerminal", "ConsoleTerminal.csproj", "{ED821E43-6FCD-42D1-93FC-37441B1F81DE}"
EndProject
Global
	GlobalSection(SolutionConfigurationPlatforms) = preSolution
		Debug|Any CPU = Debug|Any CPU
		Release|Any CPU = Release|Any CPU
	EndGlobalSection
	GlobalSection(ProjectConfigurationPlatforms) = postSolution
		{ED821E43-6FCD-42D1-93FC-37441B1F81DE}.Debug|Any CPU.ActiveCfg = Debug|Any CPU
		{ED821E43-6FCD-42D1-93FC-37441B1F81DE}.Debug|Any CPU.Build.0 = Debug|Any CPU
		{ED821E43-6FCD-42D1-93FC-37441B1F81DE}.Release|Any CPU.ActiveCfg = Release|Any CPU
		{ED821E43-6FCD-42D1-93FC-37441B1F81DE}.Release|Any CPU.Build.0 = Release|Any CPU
	EndGlobalSection
	GlobalSection(SolutionProperties) = preSolution
		HideSolutionNode = FALSE
	EndGlobalSection
	GlobalSection(ExtensibilityGlobals) = postSolution
		SolutionGuid = {0A720096-2782-44B1-93B8-16DD75D67229}
	EndGlobalSection
EndGlobal
